Microsoft Visual Studio Solution File, Format Version 12.00
# Visual Studio Version 17
VisualStudioVersion = 17.5.2.0
MinimumVisualStudioVersion = 10.0.40219.1
Project("{FAE04EC0-301F-11D3-BF4B-00C04F79EFBC}") = "StudyReminder", "StudyReminder.csproj", "{878A4D9A-8790-0361-0346-607DCE1D3764}"
EndProject
Global
	GlobalSection(SolutionConfigurationPlatforms) = preSolution
		Debug|Any CPU = Debug|Any CPU
		Release|Any CPU = Release|Any CPU
	EndGlobalSection
	GlobalSection(ProjectConfigurationPlatforms) = postSolution
		{878A4D9A-8790-0361-0346-607DCE1D3764}.Debug|Any CPU.ActiveCfg = Debug|Any CPU
		{878A4D9A-8790-0361-0346-607DCE1D3764}.Debug|Any CPU.Build.0 = Debug|Any CPU
		{878A4D9A-8790-0361-0346-607DCE1D3764}.Release|Any CPU.ActiveCfg = Release|Any CPU
		{878A4D9A-8790-0361-0346-607DCE1D3764}.Release|Any CPU.Build.0 = Release|Any CPU
	EndGlobalSection
	GlobalSection(SolutionProperties) = preSolution
		HideSolutionNode = FALSE
	EndGlobalSection
	GlobalSection(ExtensibilityGlobals) = postSolution
		SolutionGuid = {AAF12465-86CC-4302-92C7-23CE6574DF54}
	EndGlobalSection
EndGlobal
